
Microsoft Visual Studio Solution File, Format Version 12.00
# Visual Studio 14
VisualStudioVersion = 14.0.25420.1
MinimumVisualStudioVersion = 10.0.40219.1
Project("{FAE04EC0-301F-11D3-BF4B-00C04F79EFBC}") = "rebop-vm", "rebop-vm\rebop-vm.csproj", "{A910F85E-BA07-4567-B472-BA88CFE9FD32}"
EndProject
Project("{FAE04EC0-301F-11D3-BF4B-00C04F79EFBC}") = "rebop-console", "rebop-console\rebop-console.csproj", "{EEB39A28-8B0E-454E-BE4E-C51BD05843C0}"
EndProject
Project("{FAE04EC0-301F-11D3-BF4B-00C04F79EFBC}") = "rebop-tests", "rebop-tests\rebop-tests.csproj", "{3072424A-F98E-4369-A63E-00D8332DB8FA}"
EndProject
Global
	GlobalSection(SolutionConfigurationPlatforms) = preSolution
		Debug|Any CPU = Debug|Any CPU
		Release|Any CPU = Release|Any CPU
	EndGlobalSection
	GlobalSection(ProjectConfigurationPlatforms) = postSolution
		{A910F85E-BA07-4567-B472-BA88CFE9FD32}.Debug|Any CPU.ActiveCfg = Debug|Any CPU
		{A910F85E-BA07-4567-B472-BA88CFE9FD32}.Debug|Any CPU.Build.0 = Debug|Any CPU
		{A910F85E-BA07-4567-B472-BA88CFE9FD32}.Release|Any CPU.ActiveCfg = Release|Any CPU
		{A910F85E-BA07-4567-B472-BA88CFE9FD32}.Release|Any CPU.Build.0 = Release|Any CPU
		{EEB39A28-8B0E-454E-BE4E-C51BD05843C0}.Debug|Any CPU.ActiveCfg = Debug|Any CPU
		{EEB39A28-8B0E-454E-BE4E-C51BD05843C0}.Debug|Any CPU.Build.0 = Debug|Any CPU
		{EEB39A28-8B0E-454E-BE4E-C51BD05843C0}.Release|Any CPU.ActiveCfg = Release|Any CPU
		{EEB39A28-8B0E-454E-BE4E-C51BD05843C0}.Release|Any CPU.Build.0 = Release|Any CPU
		{3072424A-F98E-4369-A63E-00D8332DB8FA}.Debug|Any CPU.ActiveCfg = Debug|Any CPU
		{3072424A-F98E-4369-A63E-00D8332DB8FA}.Debug|Any CPU.Build.0 = Debug|Any CPU
		{3072424A-F98E-4369-A63E-00D8332DB8FA}.Release|Any CPU.ActiveCfg = Release|Any CPU
		{3072424A-F98E-4369-A63E-00D8332DB8FA}.Release|Any CPU.Build.0 = Release|Any CPU
	EndGlobalSection
	GlobalSection(SolutionProperties) = preSolution
		HideSolutionNode = FALSE
	EndGlobalSection
EndGlobal
